
Microsoft Visual Studio Solution File, Format Version 12.00
# Visual Studio Version 17
VisualStudioVersion = 17.8.34525.116
MinimumVisualStudioVersion = 10.0.40219.1
Project("{FAE04EC0-301F-11D3-BF4B-00C04F79EFBC}") = "GISLibrary", "src\GISLibrary\GISLibrary.csproj", "{04BDFD89-7B15-432C-AED3-49B4A7635734}"
EndProject
Project("{FAE04EC0-301F-11D3-BF4B-00C04F79EFBC}") = "GISLibrary.Tests", "src\GISLibrary.Tests\GISLibrary.Tests.csproj", "{1A20C65C-CA6F-4896-9839-6124D7C93F19}"
EndProject
Global
	GlobalSection(SolutionConfigurationPlatforms) = preSolution
		Debug|Any CPU = Debug|Any CPU
		Release|Any CPU = Release|Any CPU
	EndGlobalSection
	GlobalSection(ProjectConfigurationPlatforms) = postSolution
		{04BDFD89-7B15-432C-AED3-49B4A7635734}.Debug|Any CPU.ActiveCfg = Debug|Any CPU
		{04BDFD89-7B15-432C-AED3-49B4A7635734}.Debug|Any CPU.Build.0 = Debug|Any CPU
		{04BDFD89-7B15-432C-AED3-49B4A7635734}.Release|Any CPU.ActiveCfg = Release|Any CPU
		{04BDFD89-7B15-432C-AED3-49B4A7635734}.Release|Any CPU.Build.0 = Release|Any CPU
		{1A20C65C-CA6F-4896-9839-6124D7C93F19}.Debug|Any CPU.ActiveCfg = Debug|Any CPU
		{1A20C65C-CA6F-4896-9839-6124D7C93F19}.Debug|Any CPU.Build.0 = Debug|Any CPU
		{1A20C65C-CA6F-4896-9839-6124D7C93F19}.Release|Any CPU.ActiveCfg = Release|Any CPU
		{1A20C65C-CA6F-4896-9839-6124D7C93F19}.Release|Any CPU.Build.0 = Release|Any CPU
	EndGlobalSection
	GlobalSection(SolutionProperties) = preSolution
		HideSolutionNode = FALSE
	EndGlobalSection
	GlobalSection(ExtensibilityGlobals) = postSolution
		SolutionGuid = {DB5FAF56-E783-47BF-A506-47B7E2AD7347}
	EndGlobalSection
EndGlobal
